// !$*UTF8*$!
{
	archiveVersion = 1;
	classes = {
	};
	objectVersion = 46;
	objects = {

/* Begin PBXBuildFile section */
		23803DF41A65CACB007CD290 /* main.m in Sources */ = {isa = PBXBuildFile; fileRef = 23803DF31A65CACB007CD290 /* main.m */; };
		23803DF71A65CACB007CD290 /* AppDelegate.m in Sources */ = {isa = PBXBuildFile; fileRef = 23803DF61A65CACB007CD290 /* AppDelegate.m */; };
		23803DFA1A65CACB007CD290 /* RootViewController.m in Sources */ = {isa = PBXBuildFile; fileRef = 23803DF91A65CACB007CD290 /* RootViewController.m */; };
		23803DFD1A65CACB007CD290 /* Main.storyboard in Resources */ = {isa = PBXBuildFile; fileRef = 23803DFB1A65CACB007CD290 /* Main.storyboard */; };
		23803DFF1A65CACB007CD290 /* Images.xcassets in Resources */ = {isa = PBXBuildFile; fileRef = 23803DFE1A65CACB007CD290 /* Images.xcassets */; };
		23803E021A65CACB007CD290 /* LaunchScreen.xib in Resources */ = {isa = PBXBuildFile; fileRef = 23803E001A65CACB007CD290 /* LaunchScreen.xib */; };
		23803E0E1A65CACB007CD290 /* MCMSTests.m in Sources */ = {isa = PBXBuildFile; fileRef = 23803E0D1A65CACB007CD290 /* MCMSTests.m */; };
		23803E191A65CAFA007CD290 /* MagicalCreature.m in Sources */ = {isa = PBXBuildFile; fileRef = 23803E181A65CAFA007CD290 /* MagicalCreature.m */; };
		23803E1C1A65DE8D007CD290 /* CreatureViewController.m in Sources */ = {isa = PBXBuildFile; fileRef = 23803E1B1A65DE8D007CD290 /* CreatureViewController.m */; };
/* End PBXBuildFile section */

/* Begin PBXContainerItemProxy section */
		23803E081A65CACB007CD290 /* PBXContainerItemProxy */ = {
			isa = PBXContainerItemProxy;
			containerPortal = 23803DE61A65CACB007CD290 /* Project object */;
			proxyType = 1;
			remoteGlobalIDString = 23803DED1A65CACB007CD290;
			remoteInfo = MCMS;
		};
/* End PBXContainerItemProxy section */

/* Begin PBXFileReference section */
		23803DEE1A65CACB007CD290 /* MCMS.app */ = {isa = PBXFileReference; explicitFileType = wrapper.application; includeInIndex = 0; path = MCMS.app; sourceTree = BUILT_PRODUCTS_DIR; };
		23803DF21A65CACB007CD290 /* Info.plist */ = {isa = PBXFileReference; lastKnownFileType = text.plist.xml; path = Info.plist; sourceTree = "<group>"; };
		23803DF31A65CACB007CD290 /* main.m */ = {isa = PBXFileReference; lastKnownFileType = sourcecode.c.objc; path = main.m; sourceTree = "<group>"; };
		23803DF51A65CACB007CD290 /* AppDelegate.h */ = {isa = PBXFileReference; lastKnownFileType = sourcecode.c.h; path = AppDelegate.h; sourceTree = "<group>"; };
		23803DF61A65CACB007CD290 /* AppDelegate.m */ = {isa = PBXFileReference; lastKnownFileType = sourcecode.c.objc; path = AppDelegate.m; sourceTree = "<group>"; };
		23803DF81A65CACB007CD290 /* RootViewController.h */ = {isa = PBXFileReference; lastKnownFileType = sourcecode.c.h; path = RootViewController.h; sourceTree = "<group>"; };
		23803DF91A65CACB007CD290 /* RootViewController.m */ = {isa = PBXFileReference; lastKnownFileType = sourcecode.c.objc; path = RootViewController.m; sourceTree = "<group>"; };
		23803DFC1A65CACB007CD290 /* Base */ = {isa = PBXFileReference; lastKnownFileType = file.storyboard; name = Base; path = Base.lproj/Main.storyboard; sourceTree = "<group>"; };
		23803DFE1A65CACB007CD290 /* Images.xcassets */ = {isa = PBXFileReference; lastKnownFileType = folder.assetcatalog; path = Images.xcassets; sourceTree = "<group>"; };
		23803E011A65CACB007CD290 /* Base */ = {isa = PBXFileReference; lastKnownFileType = file.xib; name = Base; path = Base.lproj/LaunchScreen.xib; sourceTree = "<group>"; };
		23803E071A65CACB007CD290 /* MCMSTests.xctest */ = {isa = PBXFileReference; explicitFileType = wrapper.cfbundle; includeInIndex = 0; path = MCMSTests.xctest; sourceTree = BUILT_PRODUCTS_DIR; };
		23803E0C1A65CACB007CD290 /* Info.plist */ = {isa = PBXFileReference; lastKnownFileType = text.plist.xml; path = Info.plist; sourceTree = "<group>"; };
		23803E0D1A65CACB007CD290 /* MCMSTests.m */ = {isa = PBXFileReference; lastKnownFileType = sourcecode.c.objc; path = MCMSTests.m; sourceTree = "<group>"; };
		23803E171A65CAFA007CD290 /* MagicalCreature.h */ = {isa = PBXFileReference; fileEncoding = 4; lastKnownFileType = sourcecode.c.h; path = MagicalCreature.h; sourceTree = "<group>"; };
		23803E181A65CAFA007CD290 /* MagicalCreature.m */ = {isa = PBXFileReference; fileEncoding = 4; lastKnownFileType = sourcecode.c.objc; path = MagicalCreature.m; sourceTree = "<group>"; };
		23803E1A1A65DE8D007CD290 /* CreatureViewController.h */ = {isa = PBXFileReference; fileEncoding = 4; lastKnownFileType = sourcecode.c.h; path = CreatureViewController.h; sourceTree = "<group>"; };
		23803E1B1A65DE8D007CD290 /* CreatureViewController.m */ = {isa = PBXFileReference; fileEncoding = 4; lastKnownFileType = sourcecode.c.objc; path = CreatureViewController.m; sourceTree = "<group>"; };
/* End PBXFileReference section */

/* Begin PBXFrameworksBuildPhase section */
		23803DEB1A65CACB007CD290 /* Frameworks */ = {
			isa = PBXFrameworksBuildPhase;
			buildActionMask = 2147483647;
			files = (
			);
			runOnlyForDeploymentPostprocessing = 0;
		};
		23803E041A65CACB007CD290 /* Frameworks */ = {
			isa = PBXFrameworksBuildPhase;
			buildActionMask = 2147483647;
			files = (
			);
			runOnlyForDeploymentPostprocessing = 0;
		};
/* End PBXFrameworksBuildPhase section */

/* Begin PBXGroup section */
		23803DE51A65CACB007CD290 = {
			isa = PBXGroup;
			children = (
				23803DF01A65CACB007CD290 /* MCMS */,
				23803E0A1A65CACB007CD290 /* MCMSTests */,
				23803DEF1A65CACB007CD290 /* Products */,
			);
			sourceTree = "<group>";
		};
		23803DEF1A65CACB007CD290 /* Products */ = {
			isa = PBXGroup;
			children = (
				23803DEE1A65CACB007CD290 /* MCMS.app */,
				23803E071A65CACB007CD290 /* MCMSTests.xctest */,
			);
			name = Products;
			sourceTree = "<group>";
		};
		23803DF01A65CACB007CD290 /* MCMS */ = {
			isa = PBXGroup;
			children = (
				23803DF51A65CACB007CD290 /* AppDelegate.h */,
				23803DF61A65CACB007CD290 /* AppDelegate.m */,
				23803DF81A65CACB007CD290 /* RootViewController.h */,
				23803DF91A65CACB007CD290 /* RootViewController.m */,
				23803DFB1A65CACB007CD290 /* Main.storyboard */,
				23803E1A1A65DE8D007CD290 /* CreatureViewController.h */,
				23803E1B1A65DE8D007CD290 /* CreatureViewController.m */,
				23803E171A65CAFA007CD290 /* MagicalCreature.h */,
				23803E181A65CAFA007CD290 /* MagicalCreature.m */,
				23803DFE1A65CACB007CD290 /* Images.xcassets */,
				23803E001A65CACB007CD290 /* LaunchScreen.xib */,
				23803DF11A65CACB007CD290 /* Supporting Files */,
			);
			path = MCMS;
			sourceTree = "<group>";
		};
		23803DF11A65CACB007CD290 /* Supporting Files */ = {
			isa = PBXGroup;
			children = (
				23803DF21A65CACB007CD290 /* Info.plist */,
				23803DF31A65CACB007CD290 /* main.m */,
			);
			name = "Supporting Files";
			sourceTree = "<group>";
		};
		23803E0A1A65CACB007CD290 /* MCMSTests */ = {
			isa = PBXGroup;
			children = (
				23803E0D1A65CACB007CD290 /* MCMSTests.m */,
				23803E0B1A65CACB007CD290 /* Supporting Files */,
			);
			path = MCMSTests;
			sourceTree = "<group>";
		};
		23803E0B1A65CACB007CD290 /* Supporting Files */ = {
			isa = PBXGroup;
			children = (
				23803E0C1A65CACB007CD290 /* Info.plist */,
			);
			name = "Supporting Files";
			sourceTree = "<group>";
		};
/* End PBXGroup section */

/* Begin PBXNativeTarget section */
		23803DED1A65CACB007CD290 /* MCMS */ = {
			isa = PBXNativeTarget;
			buildConfigurationList = 23803E111A65CACB007CD290 /* Build configuration list for PBXNativeTarget "MCMS" */;
			buildPhases = (
				23803DEA1A65CACB007CD290 /* Sources */,
				23803DEB1A65CACB007CD290 /* Frameworks */,
				23803DEC1A65CACB007CD290 /* Resources */,
			);
			buildRules = (
			);
			dependencies = (
			);
			name = MCMS;
			productName = MCMS;
			productReference = 23803DEE1A65CACB007CD290 /* MCMS.app */;
			productType = "com.apple.product-type.application";
		};
		23803E061A65CACB007CD290 /* MCMSTests */ = {
			isa = PBXNativeTarget;
			buildConfigurationList = 23803E141A65CACB007CD290 /* Build configuration list for PBXNativeTarget "MCMSTests" */;
			buildPhases = (
				23803E031A65CACB007CD290 /* Sources */,
				23803E041A65CACB007CD290 /* Frameworks */,
				23803E051A65CACB007CD290 /* Resources */,
			);
			buildRules = (
			);
			dependencies = (
				23803E091A65CACB007CD290 /* PBXTargetDependency */,
			);
			name = MCMSTests;
			productName = MCMSTests;
			productReference = 23803E071A65CACB007CD290 /* MCMSTests.xctest */;
			productType = "com.apple.product-type.bundle.unit-test";
		};
/* End PBXNativeTarget section */

/* Begin PBXProject section */
		23803DE61A65CACB007CD290 /* Project object */ = {
			isa = PBXProject;
			attributes = {
				LastUpgradeCheck = 0610;
				ORGANIZATIONNAME = "Gabriel Enterprises";
				TargetAttributes = {
					23803DED1A65CACB007CD290 = {
						CreatedOnToolsVersion = 6.1.1;
					};
					23803E061A65CACB007CD290 = {
						CreatedOnToolsVersion = 6.1.1;
						TestTargetID = 23803DED1A65CACB007CD290;
					};
				};
			};
			buildConfigurationList = 23803DE91A65CACB007CD290 /* Build configuration list for PBXProject "MCMS" */;
			compatibilityVersion = "Xcode 3.2";
			developmentRegion = English;
			hasScannedForEncodings = 0;
			knownRegions = (
				en,
				Base,
			);
			mainGroup = 23803DE51A65CACB007CD290;
			productRefGroup = 23803DEF1A65CACB007CD290 /* Products */;
			projectDirPath = "";
			projectRoot = "";
			targets = (
				23803DED1A65CACB007CD290 /* MCMS */,
				23803E061A65CACB007CD290 /* MCMSTests */,
			);
		};
/* End PBXProject section */

/* Begin PBXResourcesBuildPhase section */
		23803DEC1A65CACB007CD290 /* Resources */ = {
			isa = PBXResourcesBuildPhase;
			buildActionMask = 2147483647;
			files = (
				23803DFD1A65CACB007CD290 /* Main.storyboard in Resources */,
				23803E021A65CACB007CD290 /* LaunchScreen.xib in Resources */,
				23803DFF1A65CACB007CD290 /* Images.xcassets in Resources */,
			);
			runOnlyForDeploymentPostprocessing = 0;
		};
		23803E051A65CACB007CD290 /* Resources */ = {
			isa = PBXResourcesBuildPhase;
			buildActionMask = 2147483647;
			files = (
			);
			runOnlyForDeploymentPostprocessing = 0;
		};
/* End PBXResourcesBuildPhase section */

/* Begin PBXSourcesBuildPhase section */
		23803DEA1A65CACB007CD290 /* Sources */ = {
			isa = PBXSourcesBuildPhase;
			buildActionMask = 2147483647;
			files = (
				23803DFA1A65CACB007CD290 /* RootViewController.m in Sources */,
				23803E191A65CAFA007CD290 /* MagicalCreature.m in Sources */,
				23803DF71A65CACB007CD290 /* AppDelegate.m in Sources */,
				23803E1C1A65DE8D007CD290 /* CreatureViewController.m in Sources */,
				23803DF41A65CACB007CD290 /* main.m in Sources */,
			);
			runOnlyForDeploymentPostprocessing = 0;
		};
		23803E031A65CACB007CD290 /* Sources */ = {
			isa = PBXSourcesBuildPhase;
			buildActionMask = 2147483647;
			files = (
				23803E0E1A65CACB007CD290 /* MCMSTests.m in Sources */,
			);
			runOnlyForDeploymentPostprocessing = 0;
		};
/* End PBXSourcesBuildPhase section */

/* Begin PBXTargetDependency section */
		23803E091A65CACB007CD290 /* PBXTargetDependency */ = {
			isa = PBXTargetDependency;
			target = 23803DED1A65CACB007CD290 /* MCMS */;
			targetProxy = 23803E081A65CACB007CD290 /* PBXContainerItemProxy */;
		};
/* End PBXTargetDependency section */

/* Begin PBXVariantGroup section */
		23803DFB1A65CACB007CD290 /* Main.storyboard */ = {
			isa = PBXVariantGroup;
			children = (
				23803DFC1A65CACB007CD290 /* Base */,
			);
			name = Main.storyboard;
			sourceTree = "<group>";
		};
		23803E001A65CACB007CD290 /* LaunchScreen.xib */ = {
			isa = PBXVariantGroup;
			children = (
				23803E011A65CACB007CD290 /* Base */,
			);
			name = LaunchScreen.xib;
			sourceTree = "<group>";
		};
/* End PBXVariantGroup section */

/* Begin XCBuildConfiguration section */
		23803E0F1A65CACB007CD290 /* Debug */ = {
			isa = XCBuildConfiguration;
			buildSettings = {
				ALWAYS_SEARCH_USER_PATHS = NO;
				CLANG_CXX_LANGUAGE_STANDARD = "gnu++0x";
				CLANG_CXX_LIBRARY = "libc++";
				CLANG_ENABLE_MODULES = YES;
				CLANG_ENABLE_OBJC_ARC = YES;
				CLANG_WARN_BOOL_CONVERSION = YES;
				CLANG_WARN_CONSTANT_CONVERSION = YES;
				CLANG_WARN_DIRECT_OBJC_ISA_USAGE = YES_ERROR;
				CLANG_WARN_EMPTY_BODY = YES;
				CLANG_WARN_ENUM_CONVERSION = YES;
				CLANG_WARN_INT_CONVERSION = YES;
				CLANG_WARN_OBJC_ROOT_CLASS = YES_ERROR;
				CLANG_WARN_UNREACHABLE_CODE = YES;
				CLANG_WARN__DUPLICATE_METHOD_MATCH = YES;
				"CODE_SIGN_IDENTITY[sdk=iphoneos*]" = "iPhone Developer";
				COPY_PHASE_STRIP = NO;
				ENABLE_STRICT_OBJC_MSGSEND = YES;
				GCC_C_LANGUAGE_STANDARD = gnu99;
				GCC_DYNAMIC_NO_PIC = NO;
				GCC_OPTIMIZATION_LEVEL = 0;
				GCC_PREPROCESSOR_DEFINITIONS = (
					"DEBUG=1",
					"$(inherited)",
				);
				GCC_SYMBOLS_PRIVATE_EXTERN = NO;
				GCC_WARN_64_TO_32_BIT_CONVERSION = YES;
				GCC_WARN_ABOUT_RETURN_TYPE = YES_ERROR;
				GCC_WARN_UNDECLARED_SELECTOR = YES;
				GCC_WARN_UNINITIALIZED_AUTOS = YES_AGGRESSIVE;
				GCC_WARN_UNUSED_FUNCTION = YES;
				GCC_WARN_UNUSED_VARIABLE = YES;
				IPHONEOS_DEPLOYMENT_TARGET = 8.1;
				MTL_ENABLE_DEBUG_INFO = YES;
				ONLY_ACTIVE_ARCH = YES;
				SDKROOT = iphoneos;
			};
			name = Debug;
		};
		23803E101A65CACB007CD290 /* Release */ = {
			isa = XCBuildConfiguration;
			buildSettings = {
				ALWAYS_SEARCH_USER_PATHS = NO;
				CLANG_CXX_LANGUAGE_STANDARD = "gnu++0x";
				CLANG_CXX_LIBRARY = "libc++";
				CLANG_ENABLE_MODULES = YES;
				CLANG_ENABLE_OBJC_ARC = YES;
				CLANG_WARN_BOOL_CONVERSION = YES;
				CLANG_WARN_CONSTANT_CONVERSION = YES;
				CLANG_WARN_DIRECT_OBJC_ISA_USAGE = YES_ERROR;
				CLANG_WARN_EMPTY_BODY = YES;
				CLANG_WARN_ENUM_CONVERSION = YES;
				CLANG_WARN_INT_CONVERSION = YES;
				CLANG_WARN_OBJC_ROOT_CLASS = YES_ERROR;
				CLANG_WARN_UNREACHABLE_CODE = YES;
				CLANG_WARN__DUPLICATE_METHOD_MATCH = YES;
				"CODE_SIGN_IDENTITY[sdk=iphoneos*]" = "iPhone Developer";
				COPY_PHASE_STRIP = YES;
				ENABLE_NS_ASSERTIONS = NO;
				ENABLE_STRICT_OBJC_MSGSEND = YES;
				GCC_C_LANGUAGE_STANDARD = gnu99;
				GCC_WARN_64_TO_32_BIT_CONVERSION = YES;
				GCC_WARN_ABOUT_RETURN_TYPE = YES_ERROR;
				GCC_WARN_UNDECLARED_SELECTOR = YES;
				GCC_WARN_UNINITIALIZED_AUTOS = YES_AGGRESSIVE;
				GCC_WARN_UNUSED_FUNCTION = YES;
				GCC_WARN_UNUSED_VARIABLE = YES;
				IPHONEOS_DEPLOYMENT_TARGET = 8.1;
				MTL_ENABLE_DEBUG_INFO = NO;
				SDKROOT = iphoneos;
				VALIDATE_PRODUCT = YES;
			};
			name = Release;
		};
		23803E121A65CACB007CD290 /* Debug */ = {
			isa = XCBuildConfiguration;
			buildSettings = {
				ASSETCATALOG_COMPILER_APPICON_NAME = AppIcon;
				INFOPLIST_FILE = MCMS/Info.plist;
				LD_RUNPATH_SEARCH_PATHS = "$(inherited) @executable_path/Frameworks";
				PRODUCT_NAME = "$(TARGET_NAME)";
			};
			name = Debug;
		};
		23803E131A65CACB007CD290 /* Release */ = {
			isa = XCBuildConfiguration;
			buildSettings = {
				ASSETCATALOG_COMPILER_APPICON_NAME = AppIcon;
				INFOPLIST_FILE = MCMS/Info.plist;
				LD_RUNPATH_SEARCH_PATHS = "$(inherited) @executable_path/Frameworks";
				PRODUCT_NAME = "$(TARGET_NAME)";
			};
			name = Release;
		};
		23803E151A65CACB007CD290 /* Debug */ = {
			isa = XCBuildConfiguration;
			buildSettings = {
				BUNDLE_LOADER = "$(TEST_HOST)";
				FRAMEWORK_SEARCH_PATHS = (
					"$(SDKROOT)/Developer/Library/Frameworks",
					"$(inherited)",
				);
				GCC_PREPROCESSOR_DEFINITIONS = (
					"DEBUG=1",
					"$(inherited)",
				);
				INFOPLIST_FILE = MCMSTests/Info.plist;
				LD_RUNPATH_SEARCH_PATHS = "$(inherited) @executable_path/Frameworks @loader_path/Frameworks";
				PRODUCT_NAME = "$(TARGET_NAME)";
				TEST_HOST = "$(BUILT_PRODUCTS_DIR)/MCMS.app/MCMS";
			};
			name = Debug;
		};
		23803E161A65CACB007CD290 /* Release */ = {
			isa = XCBuildConfiguration;
			buildSettings = {
				BUNDLE_LOADER = "$(TEST_HOST)";
				FRAMEWORK_SEARCH_PATHS = (
					"$(SDKROOT)/Developer/Library/Frameworks",
					"$(inherited)",
				);
				INFOPLIST_FILE = MCMSTests/Info.plist;
				LD_RUNPATH_SEARCH_PATHS = "$(inherited) @executable_path/Frameworks @loader_path/Frameworks";
				PRODUCT_NAME = "$(TARGET_NAME)";
				TEST_HOST = "$(BUILT_PRODUCTS_DIR)/MCMS.app/MCMS";
			};
			name = Release;
		};
/* End XCBuildConfiguration section */

/* Begin XCConfigurationList section */
		23803DE91A65CACB007CD290 /* Build configuration list for PBXProject "MCMS" */ = {
			isa = XCConfigurationList;
			buildConfigurations = (
				23803E0F1A65CACB007CD290 /* Debug */,
				23803E101A65CACB007CD290 /* Release */,
			);
			defaultConfigurationIsVisible = 0;
			defaultConfigurationName = Release;
		};
		23803E111A65CACB007CD290 /* Build configuration list for PBXNativeTarget "MCMS" */ = {
			isa = XCConfigurationList;
			buildConfigurations = (
				23803E121A65CACB007CD290 /* Debug */,
				23803E131A65CACB007CD290 /* Release */,
			);
			defaultConfigurationIsVisible = 0;
		};
		23803E141A65CACB007CD290 /* Build configuration list for PBXNativeTarget "MCMSTests" */ = {
			isa = XCConfigurationList;
			buildConfigurations = (
				23803E151A65CACB007CD290 /* Debug */,
				23803E161A65CACB007CD290 /* Release */,
			);
			defaultConfigurationIsVisible = 0;
		};
/* End XCConfigurationList section */
	};
	rootObject = 23803DE61A65CACB007CD290 /* Project object */;
}
